Microsoft Visual Studio Solution File, Format Version 12.00
# Visual Studio Version 17
VisualStudioVersion = 17.5.2.0
MinimumVisualStudioVersion = 10.0.40219.1
Project("{FAE04EC0-301F-11D3-BF4B-00C04F79EFBC}") = "pt06", "pt06\pt06.csproj", "{CE54ECDB-357E-1EFE-50FF-FB9573534A71}"
EndProject
Global
	GlobalSection(SolutionConfigurationPlatforms) = preSolution
		Debug|Any CPU = Debug|Any CPU
		Release|Any CPU = Release|Any CPU
	EndGlobalSection
	GlobalSection(ProjectConfigurationPlatforms) = postSolution
		{CE54ECDB-357E-1EFE-50FF-FB9573534A71}.Debug|Any CPU.ActiveCfg = Debug|Any CPU
		{CE54ECDB-357E-1EFE-50FF-FB9573534A71}.Debug|Any CPU.Build.0 = Debug|Any CPU
		{CE54ECDB-357E-1EFE-50FF-FB9573534A71}.Release|Any CPU.ActiveCfg = Release|Any CPU
		{CE54ECDB-357E-1EFE-50FF-FB9573534A71}.Release|Any CPU.Build.0 = Release|Any CPU
	EndGlobalSection
	GlobalSection(SolutionProperties) = preSolution
		HideSolutionNode = FALSE
	EndGlobalSection
	GlobalSection(ExtensibilityGlobals) = postSolution
		SolutionGuid = {FC660DEC-EEBE-4611-A1FE-FB33D395E6D2}
	EndGlobalSection
EndGlobal
